
Microsoft Visual Studio Solution File, Format Version 12.00
# Visual Studio Version 17
VisualStudioVersion = 17.8.34322.80
MinimumVisualStudioVersion = 10.0.40219.1
Project("{FAE04EC0-301F-11D3-BF4B-00C04F79EFBC}") = "CommitAiTest.Api", "CommitAiTest.Api\CommitAiTest.Api.csproj", "{1E31F457-DB3E-42A9-A5C6-BD9E30219D4C}"
EndProject
Global
	GlobalSection(SolutionConfigurationPlatforms) = preSolution
		Debug|Any CPU = Debug|Any CPU
		Release|Any CPU = Release|Any CPU
	EndGlobalSection
	GlobalSection(ProjectConfigurationPlatforms) = postSolution
		{1E31F457-DB3E-42A9-A5C6-BD9E30219D4C}.Debug|Any CPU.ActiveCfg = Debug|Any CPU
		{1E31F457-DB3E-42A9-A5C6-BD9E30219D4C}.Debug|Any CPU.Build.0 = Debug|Any CPU
		{1E31F457-DB3E-42A9-A5C6-BD9E30219D4C}.Release|Any CPU.ActiveCfg = Release|Any CPU
		{1E31F457-DB3E-42A9-A5C6-BD9E30219D4C}.Release|Any CPU.Build.0 = Release|Any CPU
	EndGlobalSection
	GlobalSection(SolutionProperties) = preSolution
		HideSolutionNode = FALSE
	EndGlobalSection
	GlobalSection(ExtensibilityGlobals) = postSolution
		SolutionGuid = {F13508F4-28DE-4E42-B499-4882D5FF3FB0}
	EndGlobalSection
EndGlobal
